
Microsoft Visual Studio Solution File, Format Version 12.00
# Visual Studio Version 17
VisualStudioVersion = 17.9.34622.214
MinimumVisualStudioVersion = 10.0.40219.1
Project("{9A19103F-16F7-4668-BE54-9A1E7A4F7556}") = "Paint Application", "Paint Application\Paint Application.csproj", "{94E8654F-E1A2-4BB2-9D34-524D25C6ADFE}"
EndProject
Project("{9A19103F-16F7-4668-BE54-9A1E7A4F7556}") = "Shape", "Shape\Shape.csproj", "{B2E6352E-93B5-44B9-BAF8-774A79949F99}"
EndProject
Project("{9A19103F-16F7-4668-BE54-9A1E7A4F7556}") = "Line", "Line\Line.csproj", "{463B623A-F34A-4C82-BD17-1C7BFA1AE449}"
EndProject
Project("{9A19103F-16F7-4668-BE54-9A1E7A4F7556}") = "Rectangle", "Rectangle\Rectangle.csproj", "{4A7D3980-FC22-4501-853F-27666A8658BB}"
EndProject
Global
	GlobalSection(SolutionConfigurationPlatforms) = preSolution
		Debug|Any CPU = Debug|Any CPU
		Release|Any CPU = Release|Any CPU
	EndGlobalSection
	GlobalSection(ProjectConfigurationPlatforms) = postSolution
		{94E8654F-E1A2-4BB2-9D34-524D25C6ADFE}.Debug|Any CPU.ActiveCfg = Debug|Any CPU
		{94E8654F-E1A2-4BB2-9D34-524D25C6ADFE}.Debug|Any CPU.Build.0 = Debug|Any CPU
		{94E8654F-E1A2-4BB2-9D34-524D25C6ADFE}.Release|Any CPU.ActiveCfg = Release|Any CPU
		{94E8654F-E1A2-4BB2-9D34-524D25C6ADFE}.Release|Any CPU.Build.0 = Release|Any CPU
		{B2E6352E-93B5-44B9-BAF8-774A79949F99}.Debug|Any CPU.ActiveCfg = Debug|Any CPU
		{B2E6352E-93B5-44B9-BAF8-774A79949F99}.Debug|Any CPU.Build.0 = Debug|Any CPU
		{B2E6352E-93B5-44B9-BAF8-774A79949F99}.Release|Any CPU.ActiveCfg = Release|Any CPU
		{B2E6352E-93B5-44B9-BAF8-774A79949F99}.Release|Any CPU.Build.0 = Release|Any CPU
		{463B623A-F34A-4C82-BD17-1C7BFA1AE449}.Debug|Any CPU.ActiveCfg = Debug|Any CPU
		{463B623A-F34A-4C82-BD17-1C7BFA1AE449}.Debug|Any CPU.Build.0 = Debug|Any CPU
		{463B623A-F34A-4C82-BD17-1C7BFA1AE449}.Release|Any CPU.ActiveCfg = Release|Any CPU
		{463B623A-F34A-4C82-BD17-1C7BFA1AE449}.Release|Any CPU.Build.0 = Release|Any CPU
		{4A7D3980-FC22-4501-853F-27666A8658BB}.Debug|Any CPU.ActiveCfg = Debug|Any CPU
		{4A7D3980-FC22-4501-853F-27666A8658BB}.Debug|Any CPU.Build.0 = Debug|Any CPU
		{4A7D3980-FC22-4501-853F-27666A8658BB}.Release|Any CPU.ActiveCfg = Release|Any CPU
		{4A7D3980-FC22-4501-853F-27666A8658BB}.Release|Any CPU.Build.0 = Release|Any CPU
	EndGlobalSection
	GlobalSection(SolutionProperties) = preSolution
		HideSolutionNode = FALSE
	EndGlobalSection
	GlobalSection(ExtensibilityGlobals) = postSolution
		SolutionGuid = {D246D08B-FF18-4FB3-96A9-32626342574D}
	EndGlobalSection
EndGlobal
