
Microsoft Visual Studio Solution File, Format Version 12.00
# Visual Studio Version 17
VisualStudioVersion = 17.9.34622.214
MinimumVisualStudioVersion = 10.0.40219.1
Project("{9A19103F-16F7-4668-BE54-9A1E7A4F7556}") = "Paint Application", "Paint Application\Paint Application.csproj", "{94E8654F-E1A2-4BB2-9D34-524D25C6ADFE}"
EndProject
Project("{9A19103F-16F7-4668-BE54-9A1E7A4F7556}") = "myShape", "myShape\myShape.csproj", "{AD12813E-EEF7-4161-B3B6-E5FC196C4228}"
EndProject
Project("{9A19103F-16F7-4668-BE54-9A1E7A4F7556}") = "myLine", "myLine\myLine.csproj", "{63425A93-2F76-430D-ABE7-9D1395DB534D}"
EndProject
Project("{9A19103F-16F7-4668-BE54-9A1E7A4F7556}") = "myRectangle", "myRectangle\myRectangle.csproj", "{BC0FF2AB-E046-4C10-83ED-FEF6901EAD29}"
EndProject
Project("{9A19103F-16F7-4668-BE54-9A1E7A4F7556}") = "myEllipse", "myEllipse\myEllipse.csproj", "{C9DF3BE4-009D-47B3-A9AB-AF77356105C2}"
EndProject
Project("{9A19103F-16F7-4668-BE54-9A1E7A4F7556}") = "myFourPointStar", "myFourPointStar\myFourPointStar.csproj", "{0D78CD70-2107-48F1-9CB1-B04CA06D0A55}"
EndProject
Project("{9A19103F-16F7-4668-BE54-9A1E7A4F7556}") = "myFivePointStar", "myFivePointStar\myFivePointStar.csproj", "{02F365BE-8016-4FB5-BB05-8406569EFE09}"
EndProject
Project("{9A19103F-16F7-4668-BE54-9A1E7A4F7556}") = "myHeart", "myHeart\myHeart.csproj", "{8771A7D4-6130-481B-998C-382FE41AD39C}"
EndProject
Project("{9A19103F-16F7-4668-BE54-9A1E7A4F7556}") = "myTriangle", "myTriangle\myTriangle.csproj", "{3F31C4C2-B3E9-403F-B55E-644A147B31C0}"
EndProject
Project("{9A19103F-16F7-4668-BE54-9A1E7A4F7556}") = "myRightTriangle", "myRightTriangle\myRightTriangle.csproj", "{95DFB7CC-656C-49D2-B903-D0F410A420A2}"
EndProject
Project("{9A19103F-16F7-4668-BE54-9A1E7A4F7556}") = "myArrow", "myArrow\myArrow.csproj", "{7AB561B7-58F7-4200-8950-3F3CC20107BD}"
EndProject
Project("{9A19103F-16F7-4668-BE54-9A1E7A4F7556}") = "myRhombus", "myRhombus\myRhombus.csproj", "{84501F49-805E-4971-A21C-859CF7BF54DA}"
EndProject
Project("{9A19103F-16F7-4668-BE54-9A1E7A4F7556}") = "myPentagon", "myPentagon\myPentagon.csproj", "{61445C4C-3D19-411A-8E71-5A8FC9D9275B}"
EndProject
Project("{9A19103F-16F7-4668-BE54-9A1E7A4F7556}") = "myHexagon", "myHexagon\myHexagon.csproj", "{8F8CA313-D318-46C1-B1E2-E098FEBE7972}"
EndProject
Project("{9A19103F-16F7-4668-BE54-9A1E7A4F7556}") = "myShiftArrow", "myShiftArrow\myShiftArrow.csproj", "{D3BEFB86-E09C-46E8-9489-9356CE981BB3}"
EndProject
Project("{9A19103F-16F7-4668-BE54-9A1E7A4F7556}") = "myShiftEllipse", "myShiftEllipse\myShiftEllipse.csproj", "{2D84BDEF-68CF-43EC-BD08-C2CB9C0C9861}"
EndProject
Project("{9A19103F-16F7-4668-BE54-9A1E7A4F7556}") = "myShiftFivePointStar", "myShiftFivePointStar\myShiftFivePointStar.csproj", "{FF3E3CF0-5010-4849-9C01-2F54E0073843}"
EndProject
Project("{9A19103F-16F7-4668-BE54-9A1E7A4F7556}") = "myShiftFourPointStar", "myShiftFourPointStar\myShiftFourPointStar.csproj", "{7901C753-29E0-4A13-A732-8FC97E6C4205}"
EndProject
Project("{9A19103F-16F7-4668-BE54-9A1E7A4F7556}") = "myShiftHeart", "myShiftHeart\myShiftHeart.csproj", "{F17522AF-FA1E-4303-8A65-B011060637C8}"
EndProject
Project("{9A19103F-16F7-4668-BE54-9A1E7A4F7556}") = "myShiftHexagon", "myShiftHexagon\myShiftHexagon.csproj", "{C0F2961B-791E-48DC-87BA-36BD32EBBAB0}"
EndProject
Project("{9A19103F-16F7-4668-BE54-9A1E7A4F7556}") = "myShiftLine", "myShiftLine\myShiftLine.csproj", "{9AA8CEE4-AE9A-4A9B-8FCA-5B63737E3D0D}"
EndProject
Project("{9A19103F-16F7-4668-BE54-9A1E7A4F7556}") = "myShiftPentagon", "myShiftPentagon\myShiftPentagon.csproj", "{F1836BAF-C33A-44E3-BAFF-C69D231CF88B}"
EndProject
Project("{9A19103F-16F7-4668-BE54-9A1E7A4F7556}") = "myShiftRectangle", "myShiftRectangle\myShiftRectangle.csproj", "{194B4EFB-6A82-4E86-924B-038631010375}"
EndProject
Project("{9A19103F-16F7-4668-BE54-9A1E7A4F7556}") = "myShiftRhombus", "myShiftRhombus\myShiftRhombus.csproj", "{F9E883F3-1EF9-4326-A8A5-E06A2FE65FBA}"
EndProject
Project("{9A19103F-16F7-4668-BE54-9A1E7A4F7556}") = "myShiftRightTriangle", "myShiftRightTriangle\myShiftRightTriangle.csproj", "{80674F80-40D4-4323-9D79-610D01C8B6B4}"
EndProject
Project("{9A19103F-16F7-4668-BE54-9A1E7A4F7556}") = "myShiftTriangle", "myShiftTriangle\myShiftTriangle.csproj", "{1C96DAA2-E7E4-4072-9147-1B8CD95810AD}"
EndProject
Project("{9A19103F-16F7-4668-BE54-9A1E7A4F7556}") = "myWidthness", "myWidthness\myWidthness.csproj", "{2B8719FE-F67E-45C5-8830-DC5D41723949}"
EndProject
Project("{9A19103F-16F7-4668-BE54-9A1E7A4F7556}") = "my1PixelWidthness", "my1PixelWidthness\my1PixelWidthness.csproj", "{187DC8AA-2807-4C48-84DB-A6FCB2A3DBB0}"
EndProject
Project("{9A19103F-16F7-4668-BE54-9A1E7A4F7556}") = "my3PixelWidthness", "my3PixelWidthness\my3PixelWidthness.csproj", "{5B7AB14A-25E4-4386-A6BB-92FA1F444E56}"
EndProject
Project("{9A19103F-16F7-4668-BE54-9A1E7A4F7556}") = "my5PixelWidthness", "my5PixelWidthness\my5PixelWidthness.csproj", "{872293EE-C9D5-4FAE-9027-B8A4BF6FAD59}"
EndProject
Project("{9A19103F-16F7-4668-BE54-9A1E7A4F7556}") = "my8PixelWidthness", "my8PixelWidthness\my8PixelWidthness.csproj", "{D7153209-5357-4FE1-8D3F-362404E2D086}"
EndProject
Project("{FAE04EC0-301F-11D3-BF4B-00C04F79EFBC}") = "myStroke", "myStroke\myStroke.csproj", "{F099FD06-3FB1-4D09-9295-510D3D989629}"
EndProject
Global
	GlobalSection(SolutionConfigurationPlatforms) = preSolution
		Debug|Any CPU = Debug|Any CPU
		Release|Any CPU = Release|Any CPU
	EndGlobalSection
	GlobalSection(ProjectConfigurationPlatforms) = postSolution
		{94E8654F-E1A2-4BB2-9D34-524D25C6ADFE}.Debug|Any CPU.ActiveCfg = Debug|Any CPU
		{94E8654F-E1A2-4BB2-9D34-524D25C6ADFE}.Debug|Any CPU.Build.0 = Debug|Any CPU
		{94E8654F-E1A2-4BB2-9D34-524D25C6ADFE}.Release|Any CPU.ActiveCfg = Release|Any CPU
		{94E8654F-E1A2-4BB2-9D34-524D25C6ADFE}.Release|Any CPU.Build.0 = Release|Any CPU
		{AD12813E-EEF7-4161-B3B6-E5FC196C4228}.Debug|Any CPU.ActiveCfg = Debug|Any CPU
		{AD12813E-EEF7-4161-B3B6-E5FC196C4228}.Debug|Any CPU.Build.0 = Debug|Any CPU
		{AD12813E-EEF7-4161-B3B6-E5FC196C4228}.Release|Any CPU.ActiveCfg = Release|Any CPU
		{AD12813E-EEF7-4161-B3B6-E5FC196C4228}.Release|Any CPU.Build.0 = Release|Any CPU
		{63425A93-2F76-430D-ABE7-9D1395DB534D}.Debug|Any CPU.ActiveCfg = Debug|Any CPU
		{63425A93-2F76-430D-ABE7-9D1395DB534D}.Debug|Any CPU.Build.0 = Debug|Any CPU
		{63425A93-2F76-430D-ABE7-9D1395DB534D}.Release|Any CPU.ActiveCfg = Release|Any CPU
		{63425A93-2F76-430D-ABE7-9D1395DB534D}.Release|Any CPU.Build.0 = Release|Any CPU
		{BC0FF2AB-E046-4C10-83ED-FEF6901EAD29}.Debug|Any CPU.ActiveCfg = Debug|Any CPU
		{BC0FF2AB-E046-4C10-83ED-FEF6901EAD29}.Debug|Any CPU.Build.0 = Debug|Any CPU
		{BC0FF2AB-E046-4C10-83ED-FEF6901EAD29}.Release|Any CPU.ActiveCfg = Release|Any CPU
		{BC0FF2AB-E046-4C10-83ED-FEF6901EAD29}.Release|Any CPU.Build.0 = Release|Any CPU
		{C9DF3BE4-009D-47B3-A9AB-AF77356105C2}.Debug|Any CPU.ActiveCfg = Debug|Any CPU
		{C9DF3BE4-009D-47B3-A9AB-AF77356105C2}.Debug|Any CPU.Build.0 = Debug|Any CPU
		{C9DF3BE4-009D-47B3-A9AB-AF77356105C2}.Release|Any CPU.ActiveCfg = Release|Any CPU
		{C9DF3BE4-009D-47B3-A9AB-AF77356105C2}.Release|Any CPU.Build.0 = Release|Any CPU
		{0D78CD70-2107-48F1-9CB1-B04CA06D0A55}.Debug|Any CPU.ActiveCfg = Debug|Any CPU
		{0D78CD70-2107-48F1-9CB1-B04CA06D0A55}.Debug|Any CPU.Build.0 = Debug|Any CPU
		{0D78CD70-2107-48F1-9CB1-B04CA06D0A55}.Release|Any CPU.ActiveCfg = Release|Any CPU
		{0D78CD70-2107-48F1-9CB1-B04CA06D0A55}.Release|Any CPU.Build.0 = Release|Any CPU
		{02F365BE-8016-4FB5-BB05-8406569EFE09}.Debug|Any CPU.ActiveCfg = Debug|Any CPU
		{02F365BE-8016-4FB5-BB05-8406569EFE09}.Debug|Any CPU.Build.0 = Debug|Any CPU
		{02F365BE-8016-4FB5-BB05-8406569EFE09}.Release|Any CPU.ActiveCfg = Release|Any CPU
		{02F365BE-8016-4FB5-BB05-8406569EFE09}.Release|Any CPU.Build.0 = Release|Any CPU
		{8771A7D4-6130-481B-998C-382FE41AD39C}.Debug|Any CPU.ActiveCfg = Debug|Any CPU
		{8771A7D4-6130-481B-998C-382FE41AD39C}.Debug|Any CPU.Build.0 = Debug|Any CPU
		{8771A7D4-6130-481B-998C-382FE41AD39C}.Release|Any CPU.ActiveCfg = Release|Any CPU
		{8771A7D4-6130-481B-998C-382FE41AD39C}.Release|Any CPU.Build.0 = Release|Any CPU
		{3F31C4C2-B3E9-403F-B55E-644A147B31C0}.Debug|Any CPU.ActiveCfg = Debug|Any CPU
		{3F31C4C2-B3E9-403F-B55E-644A147B31C0}.Debug|Any CPU.Build.0 = Debug|Any CPU
		{3F31C4C2-B3E9-403F-B55E-644A147B31C0}.Release|Any CPU.ActiveCfg = Release|Any CPU
		{3F31C4C2-B3E9-403F-B55E-644A147B31C0}.Release|Any CPU.Build.0 = Release|Any CPU
		{95DFB7CC-656C-49D2-B903-D0F410A420A2}.Debug|Any CPU.ActiveCfg = Debug|Any CPU
		{95DFB7CC-656C-49D2-B903-D0F410A420A2}.Debug|Any CPU.Build.0 = Debug|Any CPU
		{95DFB7CC-656C-49D2-B903-D0F410A420A2}.Release|Any CPU.ActiveCfg = Release|Any CPU
		{95DFB7CC-656C-49D2-B903-D0F410A420A2}.Release|Any CPU.Build.0 = Release|Any CPU
		{7AB561B7-58F7-4200-8950-3F3CC20107BD}.Debug|Any CPU.ActiveCfg = Debug|Any CPU
		{7AB561B7-58F7-4200-8950-3F3CC20107BD}.Debug|Any CPU.Build.0 = Debug|Any CPU
		{7AB561B7-58F7-4200-8950-3F3CC20107BD}.Release|Any CPU.ActiveCfg = Release|Any CPU
		{7AB561B7-58F7-4200-8950-3F3CC20107BD}.Release|Any CPU.Build.0 = Release|Any CPU
		{84501F49-805E-4971-A21C-859CF7BF54DA}.Debug|Any CPU.ActiveCfg = Debug|Any CPU
		{84501F49-805E-4971-A21C-859CF7BF54DA}.Debug|Any CPU.Build.0 = Debug|Any CPU
		{84501F49-805E-4971-A21C-859CF7BF54DA}.Release|Any CPU.ActiveCfg = Release|Any CPU
		{84501F49-805E-4971-A21C-859CF7BF54DA}.Release|Any CPU.Build.0 = Release|Any CPU
		{61445C4C-3D19-411A-8E71-5A8FC9D9275B}.Debug|Any CPU.ActiveCfg = Debug|Any CPU
		{61445C4C-3D19-411A-8E71-5A8FC9D9275B}.Debug|Any CPU.Build.0 = Debug|Any CPU
		{61445C4C-3D19-411A-8E71-5A8FC9D9275B}.Release|Any CPU.ActiveCfg = Release|Any CPU
		{61445C4C-3D19-411A-8E71-5A8FC9D9275B}.Release|Any CPU.Build.0 = Release|Any CPU
		{8F8CA313-D318-46C1-B1E2-E098FEBE7972}.Debug|Any CPU.ActiveCfg = Debug|Any CPU
		{8F8CA313-D318-46C1-B1E2-E098FEBE7972}.Debug|Any CPU.Build.0 = Debug|Any CPU
		{8F8CA313-D318-46C1-B1E2-E098FEBE7972}.Release|Any CPU.ActiveCfg = Release|Any CPU
		{8F8CA313-D318-46C1-B1E2-E098FEBE7972}.Release|Any CPU.Build.0 = Release|Any CPU
		{D3BEFB86-E09C-46E8-9489-9356CE981BB3}.Debug|Any CPU.ActiveCfg = Debug|Any CPU
		{D3BEFB86-E09C-46E8-9489-9356CE981BB3}.Debug|Any CPU.Build.0 = Debug|Any CPU
		{D3BEFB86-E09C-46E8-9489-9356CE981BB3}.Release|Any CPU.ActiveCfg = Release|Any CPU
		{D3BEFB86-E09C-46E8-9489-9356CE981BB3}.Release|Any CPU.Build.0 = Release|Any CPU
		{2D84BDEF-68CF-43EC-BD08-C2CB9C0C9861}.Debug|Any CPU.ActiveCfg = Debug|Any CPU
		{2D84BDEF-68CF-43EC-BD08-C2CB9C0C9861}.Debug|Any CPU.Build.0 = Debug|Any CPU
		{2D84BDEF-68CF-43EC-BD08-C2CB9C0C9861}.Release|Any CPU.ActiveCfg = Release|Any CPU
		{2D84BDEF-68CF-43EC-BD08-C2CB9C0C9861}.Release|Any CPU.Build.0 = Release|Any CPU
		{FF3E3CF0-5010-4849-9C01-2F54E0073843}.Debug|Any CPU.ActiveCfg = Debug|Any CPU
		{FF3E3CF0-5010-4849-9C01-2F54E0073843}.Debug|Any CPU.Build.0 = Debug|Any CPU
		{FF3E3CF0-5010-4849-9C01-2F54E0073843}.Release|Any CPU.ActiveCfg = Release|Any CPU
		{FF3E3CF0-5010-4849-9C01-2F54E0073843}.Release|Any CPU.Build.0 = Release|Any CPU
		{7901C753-29E0-4A13-A732-8FC97E6C4205}.Debug|Any CPU.ActiveCfg = Debug|Any CPU
		{7901C753-29E0-4A13-A732-8FC97E6C4205}.Debug|Any CPU.Build.0 = Debug|Any CPU
		{7901C753-29E0-4A13-A732-8FC97E6C4205}.Release|Any CPU.ActiveCfg = Release|Any CPU
		{7901C753-29E0-4A13-A732-8FC97E6C4205}.Release|Any CPU.Build.0 = Release|Any CPU
		{F17522AF-FA1E-4303-8A65-B011060637C8}.Debug|Any CPU.ActiveCfg = Debug|Any CPU
		{F17522AF-FA1E-4303-8A65-B011060637C8}.Debug|Any CPU.Build.0 = Debug|Any CPU
		{F17522AF-FA1E-4303-8A65-B011060637C8}.Release|Any CPU.ActiveCfg = Release|Any CPU
		{F17522AF-FA1E-4303-8A65-B011060637C8}.Release|Any CPU.Build.0 = Release|Any CPU
		{C0F2961B-791E-48DC-87BA-36BD32EBBAB0}.Debug|Any CPU.ActiveCfg = Debug|Any CPU
		{C0F2961B-791E-48DC-87BA-36BD32EBBAB0}.Debug|Any CPU.Build.0 = Debug|Any CPU
		{C0F2961B-791E-48DC-87BA-36BD32EBBAB0}.Release|Any CPU.ActiveCfg = Release|Any CPU
		{C0F2961B-791E-48DC-87BA-36BD32EBBAB0}.Release|Any CPU.Build.0 = Release|Any CPU
		{9AA8CEE4-AE9A-4A9B-8FCA-5B63737E3D0D}.Debug|Any CPU.ActiveCfg = Debug|Any CPU
		{9AA8CEE4-AE9A-4A9B-8FCA-5B63737E3D0D}.Debug|Any CPU.Build.0 = Debug|Any CPU
		{9AA8CEE4-AE9A-4A9B-8FCA-5B63737E3D0D}.Release|Any CPU.ActiveCfg = Release|Any CPU
		{9AA8CEE4-AE9A-4A9B-8FCA-5B63737E3D0D}.Release|Any CPU.Build.0 = Release|Any CPU
		{F1836BAF-C33A-44E3-BAFF-C69D231CF88B}.Debug|Any CPU.ActiveCfg = Debug|Any CPU
		{F1836BAF-C33A-44E3-BAFF-C69D231CF88B}.Debug|Any CPU.Build.0 = Debug|Any CPU
		{F1836BAF-C33A-44E3-BAFF-C69D231CF88B}.Release|Any CPU.ActiveCfg = Release|Any CPU
		{F1836BAF-C33A-44E3-BAFF-C69D231CF88B}.Release|Any CPU.Build.0 = Release|Any CPU
		{194B4EFB-6A82-4E86-924B-038631010375}.Debug|Any CPU.ActiveCfg = Debug|Any CPU
		{194B4EFB-6A82-4E86-924B-038631010375}.Debug|Any CPU.Build.0 = Debug|Any CPU
		{194B4EFB-6A82-4E86-924B-038631010375}.Release|Any CPU.ActiveCfg = Release|Any CPU
		{194B4EFB-6A82-4E86-924B-038631010375}.Release|Any CPU.Build.0 = Release|Any CPU
		{F9E883F3-1EF9-4326-A8A5-E06A2FE65FBA}.Debug|Any CPU.ActiveCfg = Debug|Any CPU
		{F9E883F3-1EF9-4326-A8A5-E06A2FE65FBA}.Debug|Any CPU.Build.0 = Debug|Any CPU
		{F9E883F3-1EF9-4326-A8A5-E06A2FE65FBA}.Release|Any CPU.ActiveCfg = Release|Any CPU
		{F9E883F3-1EF9-4326-A8A5-E06A2FE65FBA}.Release|Any CPU.Build.0 = Release|Any CPU
		{80674F80-40D4-4323-9D79-610D01C8B6B4}.Debug|Any CPU.ActiveCfg = Debug|Any CPU
		{80674F80-40D4-4323-9D79-610D01C8B6B4}.Debug|Any CPU.Build.0 = Debug|Any CPU
		{80674F80-40D4-4323-9D79-610D01C8B6B4}.Release|Any CPU.ActiveCfg = Release|Any CPU
		{80674F80-40D4-4323-9D79-610D01C8B6B4}.Release|Any CPU.Build.0 = Release|Any CPU
		{1C96DAA2-E7E4-4072-9147-1B8CD95810AD}.Debug|Any CPU.ActiveCfg = Debug|Any CPU
		{1C96DAA2-E7E4-4072-9147-1B8CD95810AD}.Debug|Any CPU.Build.0 = Debug|Any CPU
		{1C96DAA2-E7E4-4072-9147-1B8CD95810AD}.Release|Any CPU.ActiveCfg = Release|Any CPU
		{1C96DAA2-E7E4-4072-9147-1B8CD95810AD}.Release|Any CPU.Build.0 = Release|Any CPU
		{2B8719FE-F67E-45C5-8830-DC5D41723949}.Debug|Any CPU.ActiveCfg = Debug|Any CPU
		{2B8719FE-F67E-45C5-8830-DC5D41723949}.Debug|Any CPU.Build.0 = Debug|Any CPU
		{2B8719FE-F67E-45C5-8830-DC5D41723949}.Release|Any CPU.ActiveCfg = Release|Any CPU
		{2B8719FE-F67E-45C5-8830-DC5D41723949}.Release|Any CPU.Build.0 = Release|Any CPU
		{187DC8AA-2807-4C48-84DB-A6FCB2A3DBB0}.Debug|Any CPU.ActiveCfg = Debug|Any CPU
		{187DC8AA-2807-4C48-84DB-A6FCB2A3DBB0}.Debug|Any CPU.Build.0 = Debug|Any CPU
		{187DC8AA-2807-4C48-84DB-A6FCB2A3DBB0}.Release|Any CPU.ActiveCfg = Release|Any CPU
		{187DC8AA-2807-4C48-84DB-A6FCB2A3DBB0}.Release|Any CPU.Build.0 = Release|Any CPU
		{5B7AB14A-25E4-4386-A6BB-92FA1F444E56}.Debug|Any CPU.ActiveCfg = Debug|Any CPU
		{5B7AB14A-25E4-4386-A6BB-92FA1F444E56}.Debug|Any CPU.Build.0 = Debug|Any CPU
		{5B7AB14A-25E4-4386-A6BB-92FA1F444E56}.Release|Any CPU.ActiveCfg = Release|Any CPU
		{5B7AB14A-25E4-4386-A6BB-92FA1F444E56}.Release|Any CPU.Build.0 = Release|Any CPU
		{872293EE-C9D5-4FAE-9027-B8A4BF6FAD59}.Debug|Any CPU.ActiveCfg = Debug|Any CPU
		{872293EE-C9D5-4FAE-9027-B8A4BF6FAD59}.Debug|Any CPU.Build.0 = Debug|Any CPU
		{872293EE-C9D5-4FAE-9027-B8A4BF6FAD59}.Release|Any CPU.ActiveCfg = Release|Any CPU
		{872293EE-C9D5-4FAE-9027-B8A4BF6FAD59}.Release|Any CPU.Build.0 = Release|Any CPU
		{D7153209-5357-4FE1-8D3F-362404E2D086}.Debug|Any CPU.ActiveCfg = Debug|Any CPU
		{D7153209-5357-4FE1-8D3F-362404E2D086}.Debug|Any CPU.Build.0 = Debug|Any CPU
		{D7153209-5357-4FE1-8D3F-362404E2D086}.Release|Any CPU.ActiveCfg = Release|Any CPU
		{D7153209-5357-4FE1-8D3F-362404E2D086}.Release|Any CPU.Build.0 = Release|Any CPU
		{F099FD06-3FB1-4D09-9295-510D3D989629}.Debug|Any CPU.ActiveCfg = Debug|Any CPU
		{F099FD06-3FB1-4D09-9295-510D3D989629}.Debug|Any CPU.Build.0 = Debug|Any CPU
		{F099FD06-3FB1-4D09-9295-510D3D989629}.Release|Any CPU.ActiveCfg = Release|Any CPU
		{F099FD06-3FB1-4D09-9295-510D3D989629}.Release|Any CPU.Build.0 = Release|Any CPU
	EndGlobalSection
	GlobalSection(SolutionProperties) = preSolution
		HideSolutionNode = FALSE
	EndGlobalSection
	GlobalSection(ExtensibilityGlobals) = postSolution
		SolutionGuid = {D246D08B-FF18-4FB3-96A9-32626342574D}
	EndGlobalSection
EndGlobal
